
Microsoft Visual Studio Solution File, Format Version 12.00
# Visual Studio for Mac
Project("{FAE04EC0-301F-11D3-BF4B-00C04F79EFBC}") = "Assembly-CSharp", "Assembly-CSharp.csproj", "{C7988ED3-3E56-93B2-44AA-2E444D521841}"
EndProject
Project("{FAE04EC0-301F-11D3-BF4B-00C04F79EFBC}") = "Mirror", "Mirror.csproj", "{ADDFC587-7AEA-D758-2107-03A1075B5B31}"
EndProject
Project("{FAE04EC0-301F-11D3-BF4B-00C04F79EFBC}") = "Assembly-CSharp-firstpass", "Assembly-CSharp-firstpass.csproj", "{C8533D25-6B89-1DBB-B78D-610409A61CF1}"
EndProject
Project("{FAE04EC0-301F-11D3-BF4B-00C04F79EFBC}") = "Assembly-CSharp-Editor", "Assembly-CSharp-Editor.csproj", "{04166CDD-34FE-012B-A1DE-076AE7D125A9}"
EndProject
Project("{FAE04EC0-301F-11D3-BF4B-00C04F79EFBC}") = "Mirror.Weaver", "Mirror.Weaver.csproj", "{8AB81085-EFF9-E9DE-19FA-063186E372E7}"
EndProject
Project("{FAE04EC0-301F-11D3-BF4B-00C04F79EFBC}") = "Mirror.Tests", "Mirror.Tests.csproj", "{32A94DA6-8E63-F327-D55D-877E3729F108}"
EndProject
Global
	GlobalSection(SolutionConfigurationPlatforms) = preSolution
		Debug|Any CPU = Debug|Any CPU
		Release|Any CPU = Release|Any CPU
	EndGlobalSection
	GlobalSection(ProjectConfigurationPlatforms) = postSolution
		{C7988ED3-3E56-93B2-44AA-2E444D521841}.Debug|Any CPU.ActiveCfg = Debug|Any CPU
		{C7988ED3-3E56-93B2-44AA-2E444D521841}.Debug|Any CPU.Build.0 = Debug|Any CPU
		{C7988ED3-3E56-93B2-44AA-2E444D521841}.Release|Any CPU.ActiveCfg = Release|Any CPU
		{C7988ED3-3E56-93B2-44AA-2E444D521841}.Release|Any CPU.Build.0 = Release|Any CPU
		{ADDFC587-7AEA-D758-2107-03A1075B5B31}.Debug|Any CPU.ActiveCfg = Debug|Any CPU
		{ADDFC587-7AEA-D758-2107-03A1075B5B31}.Debug|Any CPU.Build.0 = Debug|Any CPU
		{ADDFC587-7AEA-D758-2107-03A1075B5B31}.Release|Any CPU.ActiveCfg = Release|Any CPU
		{ADDFC587-7AEA-D758-2107-03A1075B5B31}.Release|Any CPU.Build.0 = Release|Any CPU
		{C8533D25-6B89-1DBB-B78D-610409A61CF1}.Debug|Any CPU.ActiveCfg = Debug|Any CPU
		{C8533D25-6B89-1DBB-B78D-610409A61CF1}.Debug|Any CPU.Build.0 = Debug|Any CPU
		{C8533D25-6B89-1DBB-B78D-610409A61CF1}.Release|Any CPU.ActiveCfg = Release|Any CPU
		{C8533D25-6B89-1DBB-B78D-610409A61CF1}.Release|Any CPU.Build.0 = Release|Any CPU
		{04166CDD-34FE-012B-A1DE-076AE7D125A9}.Debug|Any CPU.ActiveCfg = Debug|Any CPU
		{04166CDD-34FE-012B-A1DE-076AE7D125A9}.Debug|Any CPU.Build.0 = Debug|Any CPU
		{04166CDD-34FE-012B-A1DE-076AE7D125A9}.Release|Any CPU.ActiveCfg = Release|Any CPU
		{04166CDD-34FE-012B-A1DE-076AE7D125A9}.Release|Any CPU.Build.0 = Release|Any CPU
		{8AB81085-EFF9-E9DE-19FA-063186E372E7}.Debug|Any CPU.ActiveCfg = Debug|Any CPU
		{8AB81085-EFF9-E9DE-19FA-063186E372E7}.Debug|Any CPU.Build.0 = Debug|Any CPU
		{8AB81085-EFF9-E9DE-19FA-063186E372E7}.Release|Any CPU.ActiveCfg = Release|Any CPU
		{8AB81085-EFF9-E9DE-19FA-063186E372E7}.Release|Any CPU.Build.0 = Release|Any CPU
		{32A94DA6-8E63-F327-D55D-877E3729F108}.Debug|Any CPU.ActiveCfg = Debug|Any CPU
		{32A94DA6-8E63-F327-D55D-877E3729F108}.Debug|Any CPU.Build.0 = Debug|Any CPU
		{32A94DA6-8E63-F327-D55D-877E3729F108}.Release|Any CPU.ActiveCfg = Release|Any CPU
		{32A94DA6-8E63-F327-D55D-877E3729F108}.Release|Any CPU.Build.0 = Release|Any CPU
	EndGlobalSection
	GlobalSection(SolutionProperties) = preSolution
		HideSolutionNode = FALSE
	EndGlobalSection
EndGlobal
