// !$*UTF8*$!
{
	archiveVersion = 1;
	classes = {
	};
	objectVersion = 46;
	objects = {

/* Begin PBXBuildFile section */
		31F80E3D21DC9C1300878B6C /* main.cpp in Sources */ = {isa = PBXBuildFile; fileRef = 31F80E3C21DC9C1300878B6C /* main.cpp */; };
		31F80E4B21DC9C4100878B6C /* board.cpp in Sources */ = {isa = PBXBuildFile; fileRef = 31F80E4321DC9C4100878B6C /* board.cpp */; };
		31F80E4C21DC9C4100878B6C /* evaluator.cpp in Sources */ = {isa = PBXBuildFile; fileRef = 31F80E4521DC9C4100878B6C /* evaluator.cpp */; };
		31F80E4D21DC9C4100878B6C /* nmmagent.cpp in Sources */ = {isa = PBXBuildFile; fileRef = 31F80E4721DC9C4100878B6C /* nmmagent.cpp */; };
		31F80E5021DCABBF00878B6C /* Platform.cpp in Sources */ = {isa = PBXBuildFile; fileRef = 31F80E4E21DCABBF00878B6C /* Platform.cpp */; };
/* End PBXBuildFile section */

/* Begin PBXCopyFilesBuildPhase section */
		31F80E3721DC9C1300878B6C /* CopyFiles */ = {
			isa = PBXCopyFilesBuildPhase;
			buildActionMask = 2147483647;
			dstPath = /usr/share/man/man1/;
			dstSubfolderSpec = 0;
			files = (
			);
			runOnlyForDeploymentPostprocessing = 1;
		};
/* End PBXCopyFilesBuildPhase section */

/* Begin PBXFileReference section */
		31F80E3921DC9C1300878B6C /* nmm */ = {isa = PBXFileReference; explicitFileType = "compiled.mach-o.executable"; includeInIndex = 0; path = nmm; sourceTree = BUILT_PRODUCTS_DIR; };
		31F80E3C21DC9C1300878B6C /* main.cpp */ = {isa = PBXFileReference; lastKnownFileType = sourcecode.cpp.cpp; path = main.cpp; sourceTree = "<group>"; };
		31F80E4321DC9C4100878B6C /* board.cpp */ = {isa = PBXFileReference; fileEncoding = 4; lastKnownFileType = sourcecode.cpp.cpp; path = board.cpp; sourceTree = "<group>"; };
		31F80E4421DC9C4100878B6C /* board.h */ = {isa = PBXFileReference; fileEncoding = 4; lastKnownFileType = sourcecode.c.h; path = board.h; sourceTree = "<group>"; };
		31F80E4521DC9C4100878B6C /* evaluator.cpp */ = {isa = PBXFileReference; fileEncoding = 4; lastKnownFileType = sourcecode.cpp.cpp; path = evaluator.cpp; sourceTree = "<group>"; };
		31F80E4621DC9C4100878B6C /* evaluator.h */ = {isa = PBXFileReference; fileEncoding = 4; lastKnownFileType = sourcecode.c.h; path = evaluator.h; sourceTree = "<group>"; };
		31F80E4721DC9C4100878B6C /* nmmagent.cpp */ = {isa = PBXFileReference; fileEncoding = 4; lastKnownFileType = sourcecode.cpp.cpp; path = nmmagent.cpp; sourceTree = "<group>"; };
		31F80E4821DC9C4100878B6C /* nmmagent.h */ = {isa = PBXFileReference; fileEncoding = 4; lastKnownFileType = sourcecode.c.h; path = nmmagent.h; sourceTree = "<group>"; };
		31F80E4921DC9C4100878B6C /* spot.h */ = {isa = PBXFileReference; fileEncoding = 4; lastKnownFileType = sourcecode.c.h; path = spot.h; sourceTree = "<group>"; };
		31F80E4A21DC9C4100878B6C /* state.h */ = {isa = PBXFileReference; fileEncoding = 4; lastKnownFileType = sourcecode.c.h; path = state.h; sourceTree = "<group>"; };
		31F80E4E21DCABBF00878B6C /* Platform.cpp */ = {isa = PBXFileReference; fileEncoding = 4; lastKnownFileType = sourcecode.cpp.cpp; path = Platform.cpp; sourceTree = "<group>"; };
		31F80E4F21DCABBF00878B6C /* Platform.h */ = {isa = PBXFileReference; fileEncoding = 4; lastKnownFileType = sourcecode.c.h; path = Platform.h; sourceTree = "<group>"; };
/* End PBXFileReference section */

/* Begin PBXFrameworksBuildPhase section */
		31F80E3621DC9C1300878B6C /* Frameworks */ = {
			isa = PBXFrameworksBuildPhase;
			buildActionMask = 2147483647;
			files = (
			);
			runOnlyForDeploymentPostprocessing = 0;
		};
/* End PBXFrameworksBuildPhase section */

/* Begin PBXGroup section */
		31F80E3021DC9C1300878B6C = {
			isa = PBXGroup;
			children = (
				31F80E3B21DC9C1300878B6C /* nmm */,
				31F80E3A21DC9C1300878B6C /* Products */,
			);
			sourceTree = "<group>";
		};
		31F80E3A21DC9C1300878B6C /* Products */ = {
			isa = PBXGroup;
			children = (
				31F80E3921DC9C1300878B6C /* nmm */,
			);
			name = Products;
			sourceTree = "<group>";
		};
		31F80E3B21DC9C1300878B6C /* nmm */ = {
			isa = PBXGroup;
			children = (
				31F80E3C21DC9C1300878B6C /* main.cpp */,
				31F80E4321DC9C4100878B6C /* board.cpp */,
				31F80E4421DC9C4100878B6C /* board.h */,
				31F80E4521DC9C4100878B6C /* evaluator.cpp */,
				31F80E4621DC9C4100878B6C /* evaluator.h */,
				31F80E4721DC9C4100878B6C /* nmmagent.cpp */,
				31F80E4821DC9C4100878B6C /* nmmagent.h */,
				31F80E4921DC9C4100878B6C /* spot.h */,
				31F80E4A21DC9C4100878B6C /* state.h */,
				31F80E4E21DCABBF00878B6C /* Platform.cpp */,
				31F80E4F21DCABBF00878B6C /* Platform.h */,
			);
			path = nmm;
			sourceTree = "<group>";
		};
/* End PBXGroup section */

/* Begin PBXNativeTarget section */
		31F80E3821DC9C1300878B6C /* nmm */ = {
			isa = PBXNativeTarget;
			buildConfigurationList = 31F80E4021DC9C1300878B6C /* Build configuration list for PBXNativeTarget "nmm" */;
			buildPhases = (
				31F80E3521DC9C1300878B6C /* Sources */,
				31F80E3621DC9C1300878B6C /* Frameworks */,
				31F80E3721DC9C1300878B6C /* CopyFiles */,
			);
			buildRules = (
			);
			dependencies = (
			);
			name = nmm;
			productName = nmm;
			productReference = 31F80E3921DC9C1300878B6C /* nmm */;
			productType = "com.apple.product-type.tool";
		};
/* End PBXNativeTarget section */

/* Begin PBXProject section */
		31F80E3121DC9C1300878B6C /* Project object */ = {
			isa = PBXProject;
			attributes = {
				LastUpgradeCheck = 0820;
				ORGANIZATIONNAME = "Viet Tho";
				TargetAttributes = {
					31F80E3821DC9C1300878B6C = {
						CreatedOnToolsVersion = 8.2.1;
						ProvisioningStyle = Automatic;
					};
				};
			};
			buildConfigurationList = 31F80E3421DC9C1300878B6C /* Build configuration list for PBXProject "nmm" */;
			compatibilityVersion = "Xcode 3.2";
			developmentRegion = English;
			hasScannedForEncodings = 0;
			knownRegions = (
				en,
			);
			mainGroup = 31F80E3021DC9C1300878B6C;
			productRefGroup = 31F80E3A21DC9C1300878B6C /* Products */;
			projectDirPath = "";
			projectRoot = "";
			targets = (
				31F80E3821DC9C1300878B6C /* nmm */,
			);
		};
/* End PBXProject section */

/* Begin PBXSourcesBuildPhase section */
		31F80E3521DC9C1300878B6C /* Sources */ = {
			isa = PBXSourcesBuildPhase;
			buildActionMask = 2147483647;
			files = (
				31F80E4D21DC9C4100878B6C /* nmmagent.cpp in Sources */,
				31F80E4B21DC9C4100878B6C /* board.cpp in Sources */,
				31F80E3D21DC9C1300878B6C /* main.cpp in Sources */,
				31F80E4C21DC9C4100878B6C /* evaluator.cpp in Sources */,
				31F80E5021DCABBF00878B6C /* Platform.cpp in Sources */,
			);
			runOnlyForDeploymentPostprocessing = 0;
		};
/* End PBXSourcesBuildPhase section */

/* Begin XCBuildConfiguration section */
		31F80E3E21DC9C1300878B6C /* Debug */ = {
			isa = XCBuildConfiguration;
			buildSettings = {
				ALWAYS_SEARCH_USER_PATHS = NO;
				CLANG_ANALYZER_NONNULL = YES;
				CLANG_CXX_LANGUAGE_STANDARD = "gnu++0x";
				CLANG_CXX_LIBRARY = "libc++";
				CLANG_ENABLE_MODULES = YES;
				CLANG_ENABLE_OBJC_ARC = YES;
				CLANG_WARN_BOOL_CONVERSION = YES;
				CLANG_WARN_CONSTANT_CONVERSION = YES;
				CLANG_WARN_DIRECT_OBJC_ISA_USAGE = YES_ERROR;
				CLANG_WARN_DOCUMENTATION_COMMENTS = YES;
				CLANG_WARN_EMPTY_BODY = YES;
				CLANG_WARN_ENUM_CONVERSION = YES;
				CLANG_WARN_INFINITE_RECURSION = YES;
				CLANG_WARN_INT_CONVERSION = YES;
				CLANG_WARN_OBJC_ROOT_CLASS = YES_ERROR;
				CLANG_WARN_SUSPICIOUS_MOVE = YES;
				CLANG_WARN_UNREACHABLE_CODE = YES;
				CLANG_WARN__DUPLICATE_METHOD_MATCH = YES;
				CODE_SIGN_IDENTITY = "-";
				COPY_PHASE_STRIP = NO;
				DEBUG_INFORMATION_FORMAT = dwarf;
				ENABLE_STRICT_OBJC_MSGSEND = YES;
				ENABLE_TESTABILITY = YES;
				GCC_C_LANGUAGE_STANDARD = gnu99;
				GCC_DYNAMIC_NO_PIC = NO;
				GCC_NO_COMMON_BLOCKS = YES;
				GCC_OPTIMIZATION_LEVEL = 0;
				GCC_PREPROCESSOR_DEFINITIONS = (
					"DEBUG=1",
					"$(inherited)",
				);
				GCC_WARN_64_TO_32_BIT_CONVERSION = YES;
				GCC_WARN_ABOUT_RETURN_TYPE = YES_ERROR;
				GCC_WARN_UNDECLARED_SELECTOR = YES;
				GCC_WARN_UNINITIALIZED_AUTOS = YES_AGGRESSIVE;
				GCC_WARN_UNUSED_FUNCTION = YES;
				GCC_WARN_UNUSED_VARIABLE = YES;
				MACOSX_DEPLOYMENT_TARGET = 10.11;
				MTL_ENABLE_DEBUG_INFO = YES;
				ONLY_ACTIVE_ARCH = YES;
				SDKROOT = macosx;
			};
			name = Debug;
		};
		31F80E3F21DC9C1300878B6C /* Release */ = {
			isa = XCBuildConfiguration;
			buildSettings = {
				ALWAYS_SEARCH_USER_PATHS = NO;
				CLANG_ANALYZER_NONNULL = YES;
				CLANG_CXX_LANGUAGE_STANDARD = "gnu++0x";
				CLANG_CXX_LIBRARY = "libc++";
				CLANG_ENABLE_MODULES = YES;
				CLANG_ENABLE_OBJC_ARC = YES;
				CLANG_WARN_BOOL_CONVERSION = YES;
				CLANG_WARN_CONSTANT_CONVERSION = YES;
				CLANG_WARN_DIRECT_OBJC_ISA_USAGE = YES_ERROR;
				CLANG_WARN_DOCUMENTATION_COMMENTS = YES;
				CLANG_WARN_EMPTY_BODY = YES;
				CLANG_WARN_ENUM_CONVERSION = YES;
				CLANG_WARN_INFINITE_RECURSION = YES;
				CLANG_WARN_INT_CONVERSION = YES;
				CLANG_WARN_OBJC_ROOT_CLASS = YES_ERROR;
				CLANG_WARN_SUSPICIOUS_MOVE = YES;
				CLANG_WARN_UNREACHABLE_CODE = YES;
				CLANG_WARN__DUPLICATE_METHOD_MATCH = YES;
				CODE_SIGN_IDENTITY = "-";
				COPY_PHASE_STRIP = NO;
				DEBUG_INFORMATION_FORMAT = "dwarf-with-dsym";
				ENABLE_NS_ASSERTIONS = NO;
				ENABLE_STRICT_OBJC_MSGSEND = YES;
				GCC_C_LANGUAGE_STANDARD = gnu99;
				GCC_NO_COMMON_BLOCKS = YES;
				GCC_WARN_64_TO_32_BIT_CONVERSION = YES;
				GCC_WARN_ABOUT_RETURN_TYPE = YES_ERROR;
				GCC_WARN_UNDECLARED_SELECTOR = YES;
				GCC_WARN_UNINITIALIZED_AUTOS = YES_AGGRESSIVE;
				GCC_WARN_UNUSED_FUNCTION = YES;
				GCC_WARN_UNUSED_VARIABLE = YES;
				MACOSX_DEPLOYMENT_TARGET = 10.11;
				MTL_ENABLE_DEBUG_INFO = NO;
				SDKROOT = macosx;
			};
			name = Release;
		};
		31F80E4121DC9C1300878B6C /* Debug */ = {
			isa = XCBuildConfiguration;
			buildSettings = {
				PRODUCT_NAME = "$(TARGET_NAME)";
			};
			name = Debug;
		};
		31F80E4221DC9C1300878B6C /* Release */ = {
			isa = XCBuildConfiguration;
			buildSettings = {
				PRODUCT_NAME = "$(TARGET_NAME)";
			};
			name = Release;
		};
/* End XCBuildConfiguration section */

/* Begin XCConfigurationList section */
		31F80E3421DC9C1300878B6C /* Build configuration list for PBXProject "nmm" */ = {
			isa = XCConfigurationList;
			buildConfigurations = (
				31F80E3E21DC9C1300878B6C /* Debug */,
				31F80E3F21DC9C1300878B6C /* Release */,
			);
			defaultConfigurationIsVisible = 0;
			defaultConfigurationName = Release;
		};
		31F80E4021DC9C1300878B6C /* Build configuration list for PBXNativeTarget "nmm" */ = {
			isa = XCConfigurationList;
			buildConfigurations = (
				31F80E4121DC9C1300878B6C /* Debug */,
				31F80E4221DC9C1300878B6C /* Release */,
			);
			defaultConfigurationIsVisible = 0;
		};
/* End XCConfigurationList section */
	};
	rootObject = 31F80E3121DC9C1300878B6C /* Project object */;
}
