// !$*UTF8*$!
{
	archiveVersion = 1;
	classes = {
	};
	objectVersion = 46;
	objects = {

/* Begin PBXBuildFile section */
		3187EEB921B25A4000B80E34 /* main.cpp in Sources */ = {isa = PBXBuildFile; fileRef = 3187EEB821B25A4000B80E34 /* main.cpp */; };
		3187EECB21B25A6A00B80E34 /* Card.cpp in Sources */ = {isa = PBXBuildFile; fileRef = 3187EEBF21B25A6A00B80E34 /* Card.cpp */; };
		3187EECD21B25A6A00B80E34 /* Move.cpp in Sources */ = {isa = PBXBuildFile; fileRef = 3187EEC321B25A6A00B80E34 /* Move.cpp */; };
		3187EECE21B25A6A00B80E34 /* Pile.cpp in Sources */ = {isa = PBXBuildFile; fileRef = 3187EEC521B25A6A00B80E34 /* Pile.cpp */; };
		3187EECF21B25A6A00B80E34 /* Random.cpp in Sources */ = {isa = PBXBuildFile; fileRef = 3187EEC721B25A6A00B80E34 /* Random.cpp */; };
		3187EED021B25A6A00B80E34 /* Solitaire.cpp in Sources */ = {isa = PBXBuildFile; fileRef = 3187EEC921B25A6A00B80E34 /* Solitaire.cpp */; };
		3196062921B29BC400BC216A /* Platform.cpp in Sources */ = {isa = PBXBuildFile; fileRef = 3196062721B29BC400BC216A /* Platform.cpp */; };
/* End PBXBuildFile section */

/* Begin PBXCopyFilesBuildPhase section */
		3187EEB321B25A4000B80E34 /* CopyFiles */ = {
			isa = PBXCopyFilesBuildPhase;
			buildActionMask = 2147483647;
			dstPath = /usr/share/man/man1/;
			dstSubfolderSpec = 0;
			files = (
			);
			runOnlyForDeploymentPostprocessing = 1;
		};
/* End PBXCopyFilesBuildPhase section */

/* Begin PBXFileReference section */
		3187EEB521B25A4000B80E34 /* Klondike_Solver */ = {isa = PBXFileReference; explicitFileType = "compiled.mach-o.executable"; includeInIndex = 0; path = Klondike_Solver; sourceTree = BUILT_PRODUCTS_DIR; };
		3187EEB821B25A4000B80E34 /* main.cpp */ = {isa = PBXFileReference; lastKnownFileType = sourcecode.cpp.cpp; path = main.cpp; sourceTree = "<group>"; };
		3187EEBF21B25A6A00B80E34 /* Card.cpp */ = {isa = PBXFileReference; fileEncoding = 4; lastKnownFileType = sourcecode.cpp.cpp; path = Card.cpp; sourceTree = "<group>"; };
		3187EEC021B25A6A00B80E34 /* Card.h */ = {isa = PBXFileReference; fileEncoding = 4; lastKnownFileType = sourcecode.c.h; path = Card.h; sourceTree = "<group>"; };
		3187EEC121B25A6A00B80E34 /* HashMap.h */ = {isa = PBXFileReference; fileEncoding = 4; lastKnownFileType = sourcecode.c.h; path = HashMap.h; sourceTree = "<group>"; };
		3187EEC321B25A6A00B80E34 /* Move.cpp */ = {isa = PBXFileReference; fileEncoding = 4; lastKnownFileType = sourcecode.cpp.cpp; path = Move.cpp; sourceTree = "<group>"; };
		3187EEC421B25A6A00B80E34 /* Move.h */ = {isa = PBXFileReference; fileEncoding = 4; lastKnownFileType = sourcecode.c.h; path = Move.h; sourceTree = "<group>"; };
		3187EEC521B25A6A00B80E34 /* Pile.cpp */ = {isa = PBXFileReference; fileEncoding = 4; lastKnownFileType = sourcecode.cpp.cpp; path = Pile.cpp; sourceTree = "<group>"; };
		3187EEC621B25A6A00B80E34 /* Pile.h */ = {isa = PBXFileReference; fileEncoding = 4; lastKnownFileType = sourcecode.c.h; path = Pile.h; sourceTree = "<group>"; };
		3187EEC721B25A6A00B80E34 /* Random.cpp */ = {isa = PBXFileReference; fileEncoding = 4; lastKnownFileType = sourcecode.cpp.cpp; path = Random.cpp; sourceTree = "<group>"; };
		3187EEC821B25A6A00B80E34 /* Random.h */ = {isa = PBXFileReference; fileEncoding = 4; lastKnownFileType = sourcecode.c.h; path = Random.h; sourceTree = "<group>"; };
		3187EEC921B25A6A00B80E34 /* Solitaire.cpp */ = {isa = PBXFileReference; fileEncoding = 4; lastKnownFileType = sourcecode.cpp.cpp; path = Solitaire.cpp; sourceTree = "<group>"; };
		3187EECA21B25A6A00B80E34 /* Solitaire.h */ = {isa = PBXFileReference; fileEncoding = 4; lastKnownFileType = sourcecode.c.h; path = Solitaire.h; sourceTree = "<group>"; };
		3196062721B29BC400BC216A /* Platform.cpp */ = {isa = PBXFileReference; fileEncoding = 4; lastKnownFileType = sourcecode.cpp.cpp; path = Platform.cpp; sourceTree = "<group>"; };
		3196062821B29BC400BC216A /* Platform.h */ = {isa = PBXFileReference; fileEncoding = 4; lastKnownFileType = sourcecode.c.h; path = Platform.h; sourceTree = "<group>"; };
/* End PBXFileReference section */

/* Begin PBXFrameworksBuildPhase section */
		3187EEB221B25A4000B80E34 /* Frameworks */ = {
			isa = PBXFrameworksBuildPhase;
			buildActionMask = 2147483647;
			files = (
			);
			runOnlyForDeploymentPostprocessing = 0;
		};
/* End PBXFrameworksBuildPhase section */

/* Begin PBXGroup section */
		3187EEAC21B25A3F00B80E34 = {
			isa = PBXGroup;
			children = (
				3187EEB721B25A4000B80E34 /* Klondike_Solver */,
				3187EEB621B25A4000B80E34 /* Products */,
			);
			sourceTree = "<group>";
		};
		3187EEB621B25A4000B80E34 /* Products */ = {
			isa = PBXGroup;
			children = (
				3187EEB521B25A4000B80E34 /* Klondike_Solver */,
			);
			name = Products;
			sourceTree = "<group>";
		};
		3187EEB721B25A4000B80E34 /* Klondike_Solver */ = {
			isa = PBXGroup;
			children = (
				3196062721B29BC400BC216A /* Platform.cpp */,
				3196062821B29BC400BC216A /* Platform.h */,
				3187EEB821B25A4000B80E34 /* main.cpp */,
				3187EEBF21B25A6A00B80E34 /* Card.cpp */,
				3187EEC021B25A6A00B80E34 /* Card.h */,
				3187EEC121B25A6A00B80E34 /* HashMap.h */,
				3187EEC321B25A6A00B80E34 /* Move.cpp */,
				3187EEC421B25A6A00B80E34 /* Move.h */,
				3187EEC521B25A6A00B80E34 /* Pile.cpp */,
				3187EEC621B25A6A00B80E34 /* Pile.h */,
				3187EEC721B25A6A00B80E34 /* Random.cpp */,
				3187EEC821B25A6A00B80E34 /* Random.h */,
				3187EEC921B25A6A00B80E34 /* Solitaire.cpp */,
				3187EECA21B25A6A00B80E34 /* Solitaire.h */,
			);
			path = Klondike_Solver;
			sourceTree = "<group>";
		};
/* End PBXGroup section */

/* Begin PBXNativeTarget section */
		3187EEB421B25A4000B80E34 /* Klondike_Solver */ = {
			isa = PBXNativeTarget;
			buildConfigurationList = 3187EEBC21B25A4000B80E34 /* Build configuration list for PBXNativeTarget "Klondike_Solver" */;
			buildPhases = (
				3187EEB121B25A4000B80E34 /* Sources */,
				3187EEB221B25A4000B80E34 /* Frameworks */,
				3187EEB321B25A4000B80E34 /* CopyFiles */,
			);
			buildRules = (
			);
			dependencies = (
			);
			name = Klondike_Solver;
			productName = Klondike_Solver;
			productReference = 3187EEB521B25A4000B80E34 /* Klondike_Solver */;
			productType = "com.apple.product-type.tool";
		};
/* End PBXNativeTarget section */

/* Begin PBXProject section */
		3187EEAD21B25A4000B80E34 /* Project object */ = {
			isa = PBXProject;
			attributes = {
				LastUpgradeCheck = 0820;
				ORGANIZATIONNAME = "Viet Tho";
				TargetAttributes = {
					3187EEB421B25A4000B80E34 = {
						CreatedOnToolsVersion = 8.2.1;
						ProvisioningStyle = Automatic;
					};
				};
			};
			buildConfigurationList = 3187EEB021B25A4000B80E34 /* Build configuration list for PBXProject "Klondike_Solver" */;
			compatibilityVersion = "Xcode 3.2";
			developmentRegion = English;
			hasScannedForEncodings = 0;
			knownRegions = (
				en,
			);
			mainGroup = 3187EEAC21B25A3F00B80E34;
			productRefGroup = 3187EEB621B25A4000B80E34 /* Products */;
			projectDirPath = "";
			projectRoot = "";
			targets = (
				3187EEB421B25A4000B80E34 /* Klondike_Solver */,
			);
		};
/* End PBXProject section */

/* Begin PBXSourcesBuildPhase section */
		3187EEB121B25A4000B80E34 /* Sources */ = {
			isa = PBXSourcesBuildPhase;
			buildActionMask = 2147483647;
			files = (
				3196062921B29BC400BC216A /* Platform.cpp in Sources */,
				3187EECF21B25A6A00B80E34 /* Random.cpp in Sources */,
				3187EECD21B25A6A00B80E34 /* Move.cpp in Sources */,
				3187EED021B25A6A00B80E34 /* Solitaire.cpp in Sources */,
				3187EEB921B25A4000B80E34 /* main.cpp in Sources */,
				3187EECB21B25A6A00B80E34 /* Card.cpp in Sources */,
				3187EECE21B25A6A00B80E34 /* Pile.cpp in Sources */,
			);
			runOnlyForDeploymentPostprocessing = 0;
		};
/* End PBXSourcesBuildPhase section */

/* Begin XCBuildConfiguration section */
		3187EEBA21B25A4000B80E34 /* Debug */ = {
			isa = XCBuildConfiguration;
			buildSettings = {
				ALWAYS_SEARCH_USER_PATHS = NO;
				CLANG_ANALYZER_NONNULL = YES;
				CLANG_CXX_LANGUAGE_STANDARD = "gnu++0x";
				CLANG_CXX_LIBRARY = "libc++";
				CLANG_ENABLE_MODULES = YES;
				CLANG_ENABLE_OBJC_ARC = YES;
				CLANG_WARN_BOOL_CONVERSION = YES;
				CLANG_WARN_CONSTANT_CONVERSION = YES;
				CLANG_WARN_DIRECT_OBJC_ISA_USAGE = YES_ERROR;
				CLANG_WARN_DOCUMENTATION_COMMENTS = YES;
				CLANG_WARN_EMPTY_BODY = YES;
				CLANG_WARN_ENUM_CONVERSION = YES;
				CLANG_WARN_INFINITE_RECURSION = YES;
				CLANG_WARN_INT_CONVERSION = YES;
				CLANG_WARN_OBJC_ROOT_CLASS = YES_ERROR;
				CLANG_WARN_SUSPICIOUS_MOVE = YES;
				CLANG_WARN_UNREACHABLE_CODE = YES;
				CLANG_WARN__DUPLICATE_METHOD_MATCH = YES;
				CODE_SIGN_IDENTITY = "-";
				COPY_PHASE_STRIP = NO;
				DEBUG_INFORMATION_FORMAT = dwarf;
				ENABLE_STRICT_OBJC_MSGSEND = YES;
				ENABLE_TESTABILITY = YES;
				GCC_C_LANGUAGE_STANDARD = gnu99;
				GCC_DYNAMIC_NO_PIC = NO;
				GCC_NO_COMMON_BLOCKS = YES;
				GCC_OPTIMIZATION_LEVEL = 0;
				GCC_PREPROCESSOR_DEFINITIONS = (
					"DEBUG=1",
					"$(inherited)",
				);
				GCC_WARN_64_TO_32_BIT_CONVERSION = YES;
				GCC_WARN_ABOUT_RETURN_TYPE = YES_ERROR;
				GCC_WARN_UNDECLARED_SELECTOR = YES;
				GCC_WARN_UNINITIALIZED_AUTOS = YES_AGGRESSIVE;
				GCC_WARN_UNUSED_FUNCTION = YES;
				GCC_WARN_UNUSED_VARIABLE = YES;
				MACOSX_DEPLOYMENT_TARGET = 10.11;
				MTL_ENABLE_DEBUG_INFO = YES;
				ONLY_ACTIVE_ARCH = YES;
				SDKROOT = macosx;
			};
			name = Debug;
		};
		3187EEBB21B25A4000B80E34 /* Release */ = {
			isa = XCBuildConfiguration;
			buildSettings = {
				ALWAYS_SEARCH_USER_PATHS = NO;
				CLANG_ANALYZER_NONNULL = YES;
				CLANG_CXX_LANGUAGE_STANDARD = "gnu++0x";
				CLANG_CXX_LIBRARY = "libc++";
				CLANG_ENABLE_MODULES = YES;
				CLANG_ENABLE_OBJC_ARC = YES;
				CLANG_WARN_BOOL_CONVERSION = YES;
				CLANG_WARN_CONSTANT_CONVERSION = YES;
				CLANG_WARN_DIRECT_OBJC_ISA_USAGE = YES_ERROR;
				CLANG_WARN_DOCUMENTATION_COMMENTS = YES;
				CLANG_WARN_EMPTY_BODY = YES;
				CLANG_WARN_ENUM_CONVERSION = YES;
				CLANG_WARN_INFINITE_RECURSION = YES;
				CLANG_WARN_INT_CONVERSION = YES;
				CLANG_WARN_OBJC_ROOT_CLASS = YES_ERROR;
				CLANG_WARN_SUSPICIOUS_MOVE = YES;
				CLANG_WARN_UNREACHABLE_CODE = YES;
				CLANG_WARN__DUPLICATE_METHOD_MATCH = YES;
				CODE_SIGN_IDENTITY = "-";
				COPY_PHASE_STRIP = NO;
				DEBUG_INFORMATION_FORMAT = "dwarf-with-dsym";
				ENABLE_NS_ASSERTIONS = NO;
				ENABLE_STRICT_OBJC_MSGSEND = YES;
				GCC_C_LANGUAGE_STANDARD = gnu99;
				GCC_NO_COMMON_BLOCKS = YES;
				GCC_WARN_64_TO_32_BIT_CONVERSION = YES;
				GCC_WARN_ABOUT_RETURN_TYPE = YES_ERROR;
				GCC_WARN_UNDECLARED_SELECTOR = YES;
				GCC_WARN_UNINITIALIZED_AUTOS = YES_AGGRESSIVE;
				GCC_WARN_UNUSED_FUNCTION = YES;
				GCC_WARN_UNUSED_VARIABLE = YES;
				MACOSX_DEPLOYMENT_TARGET = 10.11;
				MTL_ENABLE_DEBUG_INFO = NO;
				SDKROOT = macosx;
			};
			name = Release;
		};
		3187EEBD21B25A4000B80E34 /* Debug */ = {
			isa = XCBuildConfiguration;
			buildSettings = {
				PRODUCT_NAME = "$(TARGET_NAME)";
			};
			name = Debug;
		};
		3187EEBE21B25A4000B80E34 /* Release */ = {
			isa = XCBuildConfiguration;
			buildSettings = {
				PRODUCT_NAME = "$(TARGET_NAME)";
			};
			name = Release;
		};
/* End XCBuildConfiguration section */

/* Begin XCConfigurationList section */
		3187EEB021B25A4000B80E34 /* Build configuration list for PBXProject "Klondike_Solver" */ = {
			isa = XCConfigurationList;
			buildConfigurations = (
				3187EEBA21B25A4000B80E34 /* Debug */,
				3187EEBB21B25A4000B80E34 /* Release */,
			);
			defaultConfigurationIsVisible = 0;
			defaultConfigurationName = Release;
		};
		3187EEBC21B25A4000B80E34 /* Build configuration list for PBXNativeTarget "Klondike_Solver" */ = {
			isa = XCConfigurationList;
			buildConfigurations = (
				3187EEBD21B25A4000B80E34 /* Debug */,
				3187EEBE21B25A4000B80E34 /* Release */,
			);
			defaultConfigurationIsVisible = 0;
			defaultConfigurationName = Release;
		};
/* End XCConfigurationList section */
	};
	rootObject = 3187EEAD21B25A4000B80E34 /* Project object */;
}
