// !$*UTF8*$!
{
	archiveVersion = 1;
	classes = {
	};
	objectVersion = 46;
	objects = {

/* Begin PBXBuildFile section */
		311415A02202A06100F2F3BF /* main.cpp in Sources */ = {isa = PBXBuildFile; fileRef = 3114159F2202A06100F2F3BF /* main.cpp */; };
		311415B82202A08600F2F3BF /* chinese_checkers_board.cpp in Sources */ = {isa = PBXBuildFile; fileRef = 311415B32202A08600F2F3BF /* chinese_checkers_board.cpp */; };
		311415B92202A08600F2F3BF /* chinese_checkers_interface.cpp in Sources */ = {isa = PBXBuildFile; fileRef = 311415B42202A08600F2F3BF /* chinese_checkers_interface.cpp */; };
		311415BA2202A08600F2F3BF /* chinese_checkers_movegenerator.cpp in Sources */ = {isa = PBXBuildFile; fileRef = 311415B52202A08600F2F3BF /* chinese_checkers_movegenerator.cpp */; };
		311415BB2202A08600F2F3BF /* chinese_checkers_ricefish.cpp in Sources */ = {isa = PBXBuildFile; fileRef = 311415B62202A08600F2F3BF /* chinese_checkers_ricefish.cpp */; };
		311415BC2202A08600F2F3BF /* chinese_checkers_search.cpp in Sources */ = {isa = PBXBuildFile; fileRef = 311415B72202A08600F2F3BF /* chinese_checkers_search.cpp */; };
/* End PBXBuildFile section */

/* Begin PBXCopyFilesBuildPhase section */
		3114159A2202A06000F2F3BF /* CopyFiles */ = {
			isa = PBXCopyFilesBuildPhase;
			buildActionMask = 2147483647;
			dstPath = /usr/share/man/man1/;
			dstSubfolderSpec = 0;
			files = (
			);
			runOnlyForDeploymentPostprocessing = 1;
		};
/* End PBXCopyFilesBuildPhase section */

/* Begin PBXFileReference section */
		3114159C2202A06000F2F3BF /* ChineseCheckers */ = {isa = PBXFileReference; explicitFileType = "compiled.mach-o.executable"; includeInIndex = 0; path = ChineseCheckers; sourceTree = BUILT_PRODUCTS_DIR; };
		3114159F2202A06100F2F3BF /* main.cpp */ = {isa = PBXFileReference; lastKnownFileType = sourcecode.cpp.cpp; path = main.cpp; sourceTree = "<group>"; };
		311415A62202A07700F2F3BF /* chinese_checkers_board.hpp */ = {isa = PBXFileReference; fileEncoding = 4; lastKnownFileType = sourcecode.cpp.h; path = chinese_checkers_board.hpp; sourceTree = "<group>"; };
		311415A72202A07700F2F3BF /* chinese_checkers_depth.hpp */ = {isa = PBXFileReference; fileEncoding = 4; lastKnownFileType = sourcecode.cpp.h; path = chinese_checkers_depth.hpp; sourceTree = "<group>"; };
		311415A82202A07700F2F3BF /* chinese_checkers_direction.hpp */ = {isa = PBXFileReference; fileEncoding = 4; lastKnownFileType = sourcecode.cpp.h; path = chinese_checkers_direction.hpp; sourceTree = "<group>"; };
		311415A92202A07700F2F3BF /* chinese_checkers_hole.hpp */ = {isa = PBXFileReference; fileEncoding = 4; lastKnownFileType = sourcecode.cpp.h; path = chinese_checkers_hole.hpp; sourceTree = "<group>"; };
		311415AA2202A07700F2F3BF /* chinese_checkers_interface.hpp */ = {isa = PBXFileReference; fileEncoding = 4; lastKnownFileType = sourcecode.cpp.h; path = chinese_checkers_interface.hpp; sourceTree = "<group>"; };
		311415AB2202A07700F2F3BF /* chinese_checkers_move.hpp */ = {isa = PBXFileReference; fileEncoding = 4; lastKnownFileType = sourcecode.cpp.h; path = chinese_checkers_move.hpp; sourceTree = "<group>"; };
		311415AC2202A07700F2F3BF /* chinese_checkers_movegenerator.hpp */ = {isa = PBXFileReference; fileEncoding = 4; lastKnownFileType = sourcecode.cpp.h; path = chinese_checkers_movegenerator.hpp; sourceTree = "<group>"; };
		311415AD2202A07700F2F3BF /* chinese_checkers_movelist.hpp */ = {isa = PBXFileReference; fileEncoding = 4; lastKnownFileType = sourcecode.cpp.h; path = chinese_checkers_movelist.hpp; sourceTree = "<group>"; };
		311415AE2202A07700F2F3BF /* chinese_checkers_pebble.hpp */ = {isa = PBXFileReference; fileEncoding = 4; lastKnownFileType = sourcecode.cpp.h; path = chinese_checkers_pebble.hpp; sourceTree = "<group>"; };
		311415AF2202A07700F2F3BF /* chinese_checkers_protocol.hpp */ = {isa = PBXFileReference; fileEncoding = 4; lastKnownFileType = sourcecode.cpp.h; path = chinese_checkers_protocol.hpp; sourceTree = "<group>"; };
		311415B02202A07700F2F3BF /* chinese_checkers_ricefish.hpp */ = {isa = PBXFileReference; fileEncoding = 4; lastKnownFileType = sourcecode.cpp.h; path = chinese_checkers_ricefish.hpp; sourceTree = "<group>"; };
		311415B12202A07700F2F3BF /* chinese_checkers_search.hpp */ = {isa = PBXFileReference; fileEncoding = 4; lastKnownFileType = sourcecode.cpp.h; path = chinese_checkers_search.hpp; sourceTree = "<group>"; };
		311415B22202A07700F2F3BF /* chinese_checkers_value.hpp */ = {isa = PBXFileReference; fileEncoding = 4; lastKnownFileType = sourcecode.cpp.h; path = chinese_checkers_value.hpp; sourceTree = "<group>"; };
		311415B32202A08600F2F3BF /* chinese_checkers_board.cpp */ = {isa = PBXFileReference; fileEncoding = 4; lastKnownFileType = sourcecode.cpp.cpp; path = chinese_checkers_board.cpp; sourceTree = "<group>"; };
		311415B42202A08600F2F3BF /* chinese_checkers_interface.cpp */ = {isa = PBXFileReference; fileEncoding = 4; lastKnownFileType = sourcecode.cpp.cpp; path = chinese_checkers_interface.cpp; sourceTree = "<group>"; };
		311415B52202A08600F2F3BF /* chinese_checkers_movegenerator.cpp */ = {isa = PBXFileReference; fileEncoding = 4; lastKnownFileType = sourcecode.cpp.cpp; path = chinese_checkers_movegenerator.cpp; sourceTree = "<group>"; };
		311415B62202A08600F2F3BF /* chinese_checkers_ricefish.cpp */ = {isa = PBXFileReference; fileEncoding = 4; lastKnownFileType = sourcecode.cpp.cpp; path = chinese_checkers_ricefish.cpp; sourceTree = "<group>"; };
		311415B72202A08600F2F3BF /* chinese_checkers_search.cpp */ = {isa = PBXFileReference; fileEncoding = 4; lastKnownFileType = sourcecode.cpp.cpp; path = chinese_checkers_search.cpp; sourceTree = "<group>"; };
/* End PBXFileReference section */

/* Begin PBXFrameworksBuildPhase section */
		311415992202A06000F2F3BF /* Frameworks */ = {
			isa = PBXFrameworksBuildPhase;
			buildActionMask = 2147483647;
			files = (
			);
			runOnlyForDeploymentPostprocessing = 0;
		};
/* End PBXFrameworksBuildPhase section */

/* Begin PBXGroup section */
		311415932202A06000F2F3BF = {
			isa = PBXGroup;
			children = (
				3114159E2202A06000F2F3BF /* ChineseCheckers */,
				3114159D2202A06000F2F3BF /* Products */,
			);
			sourceTree = "<group>";
		};
		3114159D2202A06000F2F3BF /* Products */ = {
			isa = PBXGroup;
			children = (
				3114159C2202A06000F2F3BF /* ChineseCheckers */,
			);
			name = Products;
			sourceTree = "<group>";
		};
		3114159E2202A06000F2F3BF /* ChineseCheckers */ = {
			isa = PBXGroup;
			children = (
				3114159F2202A06100F2F3BF /* main.cpp */,
				311415B32202A08600F2F3BF /* chinese_checkers_board.cpp */,
				311415A62202A07700F2F3BF /* chinese_checkers_board.hpp */,
				311415B42202A08600F2F3BF /* chinese_checkers_interface.cpp */,
				311415AA2202A07700F2F3BF /* chinese_checkers_interface.hpp */,
				311415AC2202A07700F2F3BF /* chinese_checkers_movegenerator.hpp */,
				311415B52202A08600F2F3BF /* chinese_checkers_movegenerator.cpp */,
				311415B02202A07700F2F3BF /* chinese_checkers_ricefish.hpp */,
				311415B62202A08600F2F3BF /* chinese_checkers_ricefish.cpp */,
				311415B12202A07700F2F3BF /* chinese_checkers_search.hpp */,
				311415B72202A08600F2F3BF /* chinese_checkers_search.cpp */,
				311415A72202A07700F2F3BF /* chinese_checkers_depth.hpp */,
				311415A82202A07700F2F3BF /* chinese_checkers_direction.hpp */,
				311415A92202A07700F2F3BF /* chinese_checkers_hole.hpp */,
				311415AB2202A07700F2F3BF /* chinese_checkers_move.hpp */,
				311415AD2202A07700F2F3BF /* chinese_checkers_movelist.hpp */,
				311415AE2202A07700F2F3BF /* chinese_checkers_pebble.hpp */,
				311415AF2202A07700F2F3BF /* chinese_checkers_protocol.hpp */,
				311415B22202A07700F2F3BF /* chinese_checkers_value.hpp */,
			);
			path = ChineseCheckers;
			sourceTree = "<group>";
		};
/* End PBXGroup section */

/* Begin PBXNativeTarget section */
		3114159B2202A06000F2F3BF /* ChineseCheckers */ = {
			isa = PBXNativeTarget;
			buildConfigurationList = 311415A32202A06100F2F3BF /* Build configuration list for PBXNativeTarget "ChineseCheckers" */;
			buildPhases = (
				311415982202A06000F2F3BF /* Sources */,
				311415992202A06000F2F3BF /* Frameworks */,
				3114159A2202A06000F2F3BF /* CopyFiles */,
			);
			buildRules = (
			);
			dependencies = (
			);
			name = ChineseCheckers;
			productName = ChineseCheckers;
			productReference = 3114159C2202A06000F2F3BF /* ChineseCheckers */;
			productType = "com.apple.product-type.tool";
		};
/* End PBXNativeTarget section */

/* Begin PBXProject section */
		311415942202A06000F2F3BF /* Project object */ = {
			isa = PBXProject;
			attributes = {
				LastUpgradeCheck = 0820;
				ORGANIZATIONNAME = "Viet Tho";
				TargetAttributes = {
					3114159B2202A06000F2F3BF = {
						CreatedOnToolsVersion = 8.2.1;
						ProvisioningStyle = Automatic;
					};
				};
			};
			buildConfigurationList = 311415972202A06000F2F3BF /* Build configuration list for PBXProject "ChineseCheckers" */;
			compatibilityVersion = "Xcode 3.2";
			developmentRegion = English;
			hasScannedForEncodings = 0;
			knownRegions = (
				en,
			);
			mainGroup = 311415932202A06000F2F3BF;
			productRefGroup = 3114159D2202A06000F2F3BF /* Products */;
			projectDirPath = "";
			projectRoot = "";
			targets = (
				3114159B2202A06000F2F3BF /* ChineseCheckers */,
			);
		};
/* End PBXProject section */

/* Begin PBXSourcesBuildPhase section */
		311415982202A06000F2F3BF /* Sources */ = {
			isa = PBXSourcesBuildPhase;
			buildActionMask = 2147483647;
			files = (
				311415BA2202A08600F2F3BF /* chinese_checkers_movegenerator.cpp in Sources */,
				311415BC2202A08600F2F3BF /* chinese_checkers_search.cpp in Sources */,
				311415B82202A08600F2F3BF /* chinese_checkers_board.cpp in Sources */,
				311415BB2202A08600F2F3BF /* chinese_checkers_ricefish.cpp in Sources */,
				311415A02202A06100F2F3BF /* main.cpp in Sources */,
				311415B92202A08600F2F3BF /* chinese_checkers_interface.cpp in Sources */,
			);
			runOnlyForDeploymentPostprocessing = 0;
		};
/* End PBXSourcesBuildPhase section */

/* Begin XCBuildConfiguration section */
		311415A12202A06100F2F3BF /* Debug */ = {
			isa = XCBuildConfiguration;
			buildSettings = {
				ALWAYS_SEARCH_USER_PATHS = NO;
				CLANG_ANALYZER_NONNULL = YES;
				CLANG_CXX_LANGUAGE_STANDARD = "gnu++0x";
				CLANG_CXX_LIBRARY = "libc++";
				CLANG_ENABLE_MODULES = YES;
				CLANG_ENABLE_OBJC_ARC = YES;
				CLANG_WARN_BOOL_CONVERSION = YES;
				CLANG_WARN_CONSTANT_CONVERSION = YES;
				CLANG_WARN_DIRECT_OBJC_ISA_USAGE = YES_ERROR;
				CLANG_WARN_DOCUMENTATION_COMMENTS = YES;
				CLANG_WARN_EMPTY_BODY = YES;
				CLANG_WARN_ENUM_CONVERSION = YES;
				CLANG_WARN_INFINITE_RECURSION = YES;
				CLANG_WARN_INT_CONVERSION = YES;
				CLANG_WARN_OBJC_ROOT_CLASS = YES_ERROR;
				CLANG_WARN_SUSPICIOUS_MOVE = YES;
				CLANG_WARN_UNREACHABLE_CODE = YES;
				CLANG_WARN__DUPLICATE_METHOD_MATCH = YES;
				CODE_SIGN_IDENTITY = "-";
				COPY_PHASE_STRIP = NO;
				DEBUG_INFORMATION_FORMAT = dwarf;
				ENABLE_STRICT_OBJC_MSGSEND = YES;
				ENABLE_TESTABILITY = YES;
				GCC_C_LANGUAGE_STANDARD = gnu99;
				GCC_DYNAMIC_NO_PIC = NO;
				GCC_NO_COMMON_BLOCKS = YES;
				GCC_OPTIMIZATION_LEVEL = 0;
				GCC_PREPROCESSOR_DEFINITIONS = (
					"DEBUG=1",
					"$(inherited)",
				);
				GCC_WARN_64_TO_32_BIT_CONVERSION = YES;
				GCC_WARN_ABOUT_RETURN_TYPE = YES_ERROR;
				GCC_WARN_UNDECLARED_SELECTOR = YES;
				GCC_WARN_UNINITIALIZED_AUTOS = YES_AGGRESSIVE;
				GCC_WARN_UNUSED_FUNCTION = YES;
				GCC_WARN_UNUSED_VARIABLE = YES;
				MACOSX_DEPLOYMENT_TARGET = 10.11;
				MTL_ENABLE_DEBUG_INFO = YES;
				ONLY_ACTIVE_ARCH = YES;
				SDKROOT = macosx;
			};
			name = Debug;
		};
		311415A22202A06100F2F3BF /* Release */ = {
			isa = XCBuildConfiguration;
			buildSettings = {
				ALWAYS_SEARCH_USER_PATHS = NO;
				CLANG_ANALYZER_NONNULL = YES;
				CLANG_CXX_LANGUAGE_STANDARD = "gnu++0x";
				CLANG_CXX_LIBRARY = "libc++";
				CLANG_ENABLE_MODULES = YES;
				CLANG_ENABLE_OBJC_ARC = YES;
				CLANG_WARN_BOOL_CONVERSION = YES;
				CLANG_WARN_CONSTANT_CONVERSION = YES;
				CLANG_WARN_DIRECT_OBJC_ISA_USAGE = YES_ERROR;
				CLANG_WARN_DOCUMENTATION_COMMENTS = YES;
				CLANG_WARN_EMPTY_BODY = YES;
				CLANG_WARN_ENUM_CONVERSION = YES;
				CLANG_WARN_INFINITE_RECURSION = YES;
				CLANG_WARN_INT_CONVERSION = YES;
				CLANG_WARN_OBJC_ROOT_CLASS = YES_ERROR;
				CLANG_WARN_SUSPICIOUS_MOVE = YES;
				CLANG_WARN_UNREACHABLE_CODE = YES;
				CLANG_WARN__DUPLICATE_METHOD_MATCH = YES;
				CODE_SIGN_IDENTITY = "-";
				COPY_PHASE_STRIP = NO;
				DEBUG_INFORMATION_FORMAT = "dwarf-with-dsym";
				ENABLE_NS_ASSERTIONS = NO;
				ENABLE_STRICT_OBJC_MSGSEND = YES;
				GCC_C_LANGUAGE_STANDARD = gnu99;
				GCC_NO_COMMON_BLOCKS = YES;
				GCC_WARN_64_TO_32_BIT_CONVERSION = YES;
				GCC_WARN_ABOUT_RETURN_TYPE = YES_ERROR;
				GCC_WARN_UNDECLARED_SELECTOR = YES;
				GCC_WARN_UNINITIALIZED_AUTOS = YES_AGGRESSIVE;
				GCC_WARN_UNUSED_FUNCTION = YES;
				GCC_WARN_UNUSED_VARIABLE = YES;
				MACOSX_DEPLOYMENT_TARGET = 10.11;
				MTL_ENABLE_DEBUG_INFO = NO;
				SDKROOT = macosx;
			};
			name = Release;
		};
		311415A42202A06100F2F3BF /* Debug */ = {
			isa = XCBuildConfiguration;
			buildSettings = {
				CLANG_CXX_LANGUAGE_STANDARD = "gnu++14";
				PRODUCT_NAME = "$(TARGET_NAME)";
			};
			name = Debug;
		};
		311415A52202A06100F2F3BF /* Release */ = {
			isa = XCBuildConfiguration;
			buildSettings = {
				CLANG_CXX_LANGUAGE_STANDARD = "gnu++14";
				PRODUCT_NAME = "$(TARGET_NAME)";
			};
			name = Release;
		};
/* End XCBuildConfiguration section */

/* Begin XCConfigurationList section */
		311415972202A06000F2F3BF /* Build configuration list for PBXProject "ChineseCheckers" */ = {
			isa = XCConfigurationList;
			buildConfigurations = (
				311415A12202A06100F2F3BF /* Debug */,
				311415A22202A06100F2F3BF /* Release */,
			);
			defaultConfigurationIsVisible = 0;
			defaultConfigurationName = Release;
		};
		311415A32202A06100F2F3BF /* Build configuration list for PBXNativeTarget "ChineseCheckers" */ = {
			isa = XCConfigurationList;
			buildConfigurations = (
				311415A42202A06100F2F3BF /* Debug */,
				311415A52202A06100F2F3BF /* Release */,
			);
			defaultConfigurationIsVisible = 0;
		};
/* End XCConfigurationList section */
	};
	rootObject = 311415942202A06000F2F3BF /* Project object */;
}
